
Microsoft Visual Studio Solution File, Format Version 12.00
# Visual Studio Version 17
VisualStudioVersion = 17.7.34221.43
MinimumVisualStudioVersion = 10.0.40219.1
Project("{FAE04EC0-301F-11D3-BF4B-00C04F79EFBC}") = "RefatorarObserver", "RefatorarObserver\RefatorarObserver.csproj", "{A2810F0F-7A1F-4199-B86F-EF4C084432EF}"
EndProject
Project("{FAE04EC0-301F-11D3-BF4B-00C04F79EFBC}") = "APIObserver", "APIObserver\APIObserver.csproj", "{1479E843-D72A-4446-95F3-A4A7065CEEE4}"
EndProject
Global
	GlobalSection(SolutionConfigurationPlatforms) = preSolution
		Debug|Any CPU = Debug|Any CPU
		Release|Any CPU = Release|Any CPU
	EndGlobalSection
	GlobalSection(ProjectConfigurationPlatforms) = postSolution
		{A2810F0F-7A1F-4199-B86F-EF4C084432EF}.Debug|Any CPU.ActiveCfg = Debug|Any CPU
		{A2810F0F-7A1F-4199-B86F-EF4C084432EF}.Debug|Any CPU.Build.0 = Debug|Any CPU
		{A2810F0F-7A1F-4199-B86F-EF4C084432EF}.Release|Any CPU.ActiveCfg = Release|Any CPU
		{A2810F0F-7A1F-4199-B86F-EF4C084432EF}.Release|Any CPU.Build.0 = Release|Any CPU
		{1479E843-D72A-4446-95F3-A4A7065CEEE4}.Debug|Any CPU.ActiveCfg = Debug|Any CPU
		{1479E843-D72A-4446-95F3-A4A7065CEEE4}.Debug|Any CPU.Build.0 = Debug|Any CPU
		{1479E843-D72A-4446-95F3-A4A7065CEEE4}.Release|Any CPU.ActiveCfg = Release|Any CPU
		{1479E843-D72A-4446-95F3-A4A7065CEEE4}.Release|Any CPU.Build.0 = Release|Any CPU
	EndGlobalSection
	GlobalSection(SolutionProperties) = preSolution
		HideSolutionNode = FALSE
	EndGlobalSection
	GlobalSection(ExtensibilityGlobals) = postSolution
		SolutionGuid = {770156BE-F74D-420C-9A26-0801C489C86A}
	EndGlobalSection
EndGlobal
